{
  "name": "bounty-desk-groups-demo",
  "version": "0.1.0",
  "lockfileVersion": 3,
  "requires": true,
  "packages": {
    "": {
      "name": "bounty-desk-groups-demo",
      "version": "0.1.0",
      "dependencies": {
        "@dashevo/evo-sdk": "^4.0.0",
        "dotenv": "^16.6.1"
      },
      "engines": {
        "node": ">=22"
      }
    },
    "node_modules/@dashevo/evo-sdk": {
      "version": "4.0.0",
      "resolved": "https://registry.npmjs.org/@dashevo/evo-sdk/-/evo-sdk-4.0.0.tgz",
      "integrity": "sha512-LH7hu/VAfeNxI6sPG06cNa3fkzfQCF2p0cup2t/EfP0aBmAeI6HwfIRzNvGPdn0iSA7O0n6wv+4lCI2QdYUCFA==",
      "dependencies": {
        "@dashevo/wasm-sdk": "4.0.0"
      },
      "engines": {
        "node": ">=18.18"
      }
    },
    "node_modules/@dashevo/wasm-sdk": {
      "version": "4.0.0",
      "resolved": "https://registry.npmjs.org/@dashevo/wasm-sdk/-/wasm-sdk-4.0.0.tgz",
      "integrity": "sha512-VHOE3Q6b/bNGARxZwjZIpOWHf/B1VPmW7Xu5RCN925/7ED7F3TtPl3TvY3UBQnUKN40WhMloc3opTV3BA/jm1w==",
      "engines": {
        "node": ">=18.18"
      }
    },
    "node_modules/dotenv": {
      "version": "16.6.1",
      "resolved": "https://registry.npmjs.org/dotenv/-/dotenv-16.6.1.tgz",
      "integrity": "sha512-uBq4egWHTcTt33a72vpSG0z3HnPuIl6NqYcTrKEg2azoEyl2hpW0zqlxysq2pK9HlDIHyHyakeYaYnSAwd8bow==",
      "license": "BSD-2-Clause",
      "engines": {
        "node": ">=12"
      },
      "funding": {
        "url": "https://dotenvx.com"
      }
    }
  }
}
